
Microsoft Visual Studio Solution File, Format Version 11.00
# Visual Studio 2010
Project("{FAE04EC0-301F-11D3-BF4B-00C04F79EFBC}") = "CLAP", "CLAP\CLAP.csproj", "{AE79CD7B-DFFC-4156-913E-63F70A31B7C1}"
EndProject
Project("{FAE04EC0-301F-11D3-BF4B-00C04F79EFBC}") = "ConsoleTest", "ConsoleTest\ConsoleTest.csproj", "{678F4788-6950-4FE2-B471-99AB9E5B4BE9}"
EndProject
Project("{FAE04EC0-301F-11D3-BF4B-00C04F79EFBC}") = "Tests", "Tests\Tests.csproj", "{63D887CB-655A-4FA1-A8B8-38A28613A707}"
EndProject
Global
	GlobalSection(SolutionConfigurationPlatforms) = preSolution
		Debug|Any CPU = Debug|Any CPU
		Debug|Mixed Platforms = Debug|Mixed Platforms
		Debug|x86 = Debug|x86
		Release|Any CPU = Release|Any CPU
		Release|Mixed Platforms = Release|Mixed Platforms
		Release|x86 = Release|x86
		ReleaseFW2|Any CPU = ReleaseFW2|Any CPU
		ReleaseFW2|Mixed Platforms = ReleaseFW2|Mixed Platforms
		ReleaseFW2|x86 = ReleaseFW2|x86
	EndGlobalSection
	GlobalSection(ProjectConfigurationPlatforms) = postSolution
		{AE79CD7B-DFFC-4156-913E-63F70A31B7C1}.Debug|Any CPU.ActiveCfg = Debug|Any CPU
		{AE79CD7B-DFFC-4156-913E-63F70A31B7C1}.Debug|Any CPU.Build.0 = Debug|Any CPU
		{AE79CD7B-DFFC-4156-913E-63F70A31B7C1}.Debug|Mixed Platforms.ActiveCfg = Debug|Any CPU
		{AE79CD7B-DFFC-4156-913E-63F70A31B7C1}.Debug|Mixed Platforms.Build.0 = Debug|Any CPU
		{AE79CD7B-DFFC-4156-913E-63F70A31B7C1}.Debug|x86.ActiveCfg = Debug|Any CPU
		{AE79CD7B-DFFC-4156-913E-63F70A31B7C1}.Release|Any CPU.ActiveCfg = Release|Any CPU
		{AE79CD7B-DFFC-4156-913E-63F70A31B7C1}.Release|Any CPU.Build.0 = Release|Any CPU
		{AE79CD7B-DFFC-4156-913E-63F70A31B7C1}.Release|Mixed Platforms.ActiveCfg = Release|Any CPU
		{AE79CD7B-DFFC-4156-913E-63F70A31B7C1}.Release|Mixed Platforms.Build.0 = Release|Any CPU
		{AE79CD7B-DFFC-4156-913E-63F70A31B7C1}.Release|x86.ActiveCfg = Release|Any CPU
		{AE79CD7B-DFFC-4156-913E-63F70A31B7C1}.ReleaseFW2|Any CPU.ActiveCfg = ReleaseFW2|Any CPU
		{AE79CD7B-DFFC-4156-913E-63F70A31B7C1}.ReleaseFW2|Any CPU.Build.0 = ReleaseFW2|Any CPU
		{AE79CD7B-DFFC-4156-913E-63F70A31B7C1}.ReleaseFW2|Mixed Platforms.ActiveCfg = ReleaseFW2|Any CPU
		{AE79CD7B-DFFC-4156-913E-63F70A31B7C1}.ReleaseFW2|Mixed Platforms.Build.0 = ReleaseFW2|Any CPU
		{AE79CD7B-DFFC-4156-913E-63F70A31B7C1}.ReleaseFW2|x86.ActiveCfg = ReleaseFW2|Any CPU
		{678F4788-6950-4FE2-B471-99AB9E5B4BE9}.Debug|Any CPU.ActiveCfg = Debug|x86
		{678F4788-6950-4FE2-B471-99AB9E5B4BE9}.Debug|Any CPU.Build.0 = Debug|x86
		{678F4788-6950-4FE2-B471-99AB9E5B4BE9}.Debug|Mixed Platforms.ActiveCfg = Debug|x86
		{678F4788-6950-4FE2-B471-99AB9E5B4BE9}.Debug|Mixed Platforms.Build.0 = Debug|x86
		{678F4788-6950-4FE2-B471-99AB9E5B4BE9}.Debug|x86.ActiveCfg = Debug|x86
		{678F4788-6950-4FE2-B471-99AB9E5B4BE9}.Debug|x86.Build.0 = Debug|x86
		{678F4788-6950-4FE2-B471-99AB9E5B4BE9}.Release|Any CPU.ActiveCfg = Release|x86
		{678F4788-6950-4FE2-B471-99AB9E5B4BE9}.Release|Any CPU.Build.0 = Release|x86
		{678F4788-6950-4FE2-B471-99AB9E5B4BE9}.Release|Mixed Platforms.ActiveCfg = Release|x86
		{678F4788-6950-4FE2-B471-99AB9E5B4BE9}.Release|Mixed Platforms.Build.0 = Release|x86
		{678F4788-6950-4FE2-B471-99AB9E5B4BE9}.Release|x86.ActiveCfg = Release|x86
		{678F4788-6950-4FE2-B471-99AB9E5B4BE9}.Release|x86.Build.0 = Release|x86
		{678F4788-6950-4FE2-B471-99AB9E5B4BE9}.ReleaseFW2|Any CPU.ActiveCfg = ReleaseFW2|x86
		{678F4788-6950-4FE2-B471-99AB9E5B4BE9}.ReleaseFW2|Any CPU.Build.0 = ReleaseFW2|x86
		{678F4788-6950-4FE2-B471-99AB9E5B4BE9}.ReleaseFW2|Mixed Platforms.ActiveCfg = ReleaseFW2|x86
		{678F4788-6950-4FE2-B471-99AB9E5B4BE9}.ReleaseFW2|Mixed Platforms.Build.0 = ReleaseFW2|x86
		{678F4788-6950-4FE2-B471-99AB9E5B4BE9}.ReleaseFW2|x86.ActiveCfg = ReleaseFW2|x86
		{63D887CB-655A-4FA1-A8B8-38A28613A707}.Debug|Any CPU.ActiveCfg = Debug|Any CPU
		{63D887CB-655A-4FA1-A8B8-38A28613A707}.Debug|Any CPU.Build.0 = Debug|Any CPU
		{63D887CB-655A-4FA1-A8B8-38A28613A707}.Debug|Mixed Platforms.ActiveCfg = Debug|Any CPU
		{63D887CB-655A-4FA1-A8B8-38A28613A707}.Debug|Mixed Platforms.Build.0 = Debug|Any CPU
		{63D887CB-655A-4FA1-A8B8-38A28613A707}.Debug|x86.ActiveCfg = Debug|Any CPU
		{63D887CB-655A-4FA1-A8B8-38A28613A707}.Release|Any CPU.ActiveCfg = Release|Any CPU
		{63D887CB-655A-4FA1-A8B8-38A28613A707}.Release|Any CPU.Build.0 = Release|Any CPU
		{63D887CB-655A-4FA1-A8B8-38A28613A707}.Release|Mixed Platforms.ActiveCfg = Release|Any CPU
		{63D887CB-655A-4FA1-A8B8-38A28613A707}.Release|Mixed Platforms.Build.0 = Release|Any CPU
		{63D887CB-655A-4FA1-A8B8-38A28613A707}.Release|x86.ActiveCfg = Release|Any CPU
		{63D887CB-655A-4FA1-A8B8-38A28613A707}.ReleaseFW2|Any CPU.ActiveCfg = ReleaseFW2|Any CPU
		{63D887CB-655A-4FA1-A8B8-38A28613A707}.ReleaseFW2|Any CPU.Build.0 = ReleaseFW2|Any CPU
		{63D887CB-655A-4FA1-A8B8-38A28613A707}.ReleaseFW2|Mixed Platforms.ActiveCfg = ReleaseFW2|Any CPU
		{63D887CB-655A-4FA1-A8B8-38A28613A707}.ReleaseFW2|Mixed Platforms.Build.0 = ReleaseFW2|Any CPU
		{63D887CB-655A-4FA1-A8B8-38A28613A707}.ReleaseFW2|x86.ActiveCfg = ReleaseFW2|Any CPU
	EndGlobalSection
	GlobalSection(SolutionProperties) = preSolution
		HideSolutionNode = FALSE
	EndGlobalSection
EndGlobal
