
Microsoft Visual Studio Solution File, Format Version 12.00
# Visual Studio 14
VisualStudioVersion = 14.0.25420.1
MinimumVisualStudioVersion = 10.0.40219.1
Project("{8BB2217D-0F2D-49D1-97BC-3654ED321F3B}") = "CLAP", "CLAP\CLAP.xproj", "{2F0EF403-74DA-416F-BA2A-E31D4114B3C5}"
EndProject
Project("{8BB2217D-0F2D-49D1-97BC-3654ED321F3B}") = "Tests", "Tests\Tests.xproj", "{4B3ABE7A-0CE5-4D91-B76D-DA5E59F8C7DE}"
EndProject
Project("{8BB2217D-0F2D-49D1-97BC-3654ED321F3B}") = "ConsoleTest", "ConsoleTest\ConsoleTest.xproj", "{14340B23-1ED5-4407-89DF-5A2896F18493}"
EndProject
Project("{FAE04EC0-301F-11D3-BF4B-00C04F79EFBC}") = "WinFormTest", "WinFormTest\WinFormTest.csproj", "{20D947B0-A9E4-480B-A24C-5D8621D4A59B}"
EndProject
Global
	GlobalSection(SolutionConfigurationPlatforms) = preSolution
		Debug|Any CPU = Debug|Any CPU
		Debug|Mixed Platforms = Debug|Mixed Platforms
		Debug|x86 = Debug|x86
		Release|Any CPU = Release|Any CPU
		Release|Mixed Platforms = Release|Mixed Platforms
		Release|x86 = Release|x86
		Release20|Any CPU = Release20|Any CPU
		Release20|Mixed Platforms = Release20|Mixed Platforms
		Release20|x86 = Release20|x86
	EndGlobalSection
	GlobalSection(ProjectConfigurationPlatforms) = postSolution
		{2F0EF403-74DA-416F-BA2A-E31D4114B3C5}.Debug|Any CPU.ActiveCfg = Debug|Any CPU
		{2F0EF403-74DA-416F-BA2A-E31D4114B3C5}.Debug|Any CPU.Build.0 = Debug|Any CPU
		{2F0EF403-74DA-416F-BA2A-E31D4114B3C5}.Debug|Mixed Platforms.ActiveCfg = Debug|Any CPU
		{2F0EF403-74DA-416F-BA2A-E31D4114B3C5}.Debug|Mixed Platforms.Build.0 = Debug|Any CPU
		{2F0EF403-74DA-416F-BA2A-E31D4114B3C5}.Debug|x86.ActiveCfg = Debug|Any CPU
		{2F0EF403-74DA-416F-BA2A-E31D4114B3C5}.Debug|x86.Build.0 = Debug|Any CPU
		{2F0EF403-74DA-416F-BA2A-E31D4114B3C5}.Release|Any CPU.ActiveCfg = Release|Any CPU
		{2F0EF403-74DA-416F-BA2A-E31D4114B3C5}.Release|Any CPU.Build.0 = Release|Any CPU
		{2F0EF403-74DA-416F-BA2A-E31D4114B3C5}.Release|Mixed Platforms.ActiveCfg = Release|Any CPU
		{2F0EF403-74DA-416F-BA2A-E31D4114B3C5}.Release|Mixed Platforms.Build.0 = Release|Any CPU
		{2F0EF403-74DA-416F-BA2A-E31D4114B3C5}.Release|x86.ActiveCfg = Release|Any CPU
		{2F0EF403-74DA-416F-BA2A-E31D4114B3C5}.Release|x86.Build.0 = Release|Any CPU
		{2F0EF403-74DA-416F-BA2A-E31D4114B3C5}.Release20|Any CPU.ActiveCfg = Release|Any CPU
		{2F0EF403-74DA-416F-BA2A-E31D4114B3C5}.Release20|Any CPU.Build.0 = Release|Any CPU
		{2F0EF403-74DA-416F-BA2A-E31D4114B3C5}.Release20|Mixed Platforms.ActiveCfg = Release|Any CPU
		{2F0EF403-74DA-416F-BA2A-E31D4114B3C5}.Release20|Mixed Platforms.Build.0 = Release|Any CPU
		{2F0EF403-74DA-416F-BA2A-E31D4114B3C5}.Release20|x86.ActiveCfg = Release|Any CPU
		{2F0EF403-74DA-416F-BA2A-E31D4114B3C5}.Release20|x86.Build.0 = Release|Any CPU
		{4B3ABE7A-0CE5-4D91-B76D-DA5E59F8C7DE}.Debug|Any CPU.ActiveCfg = Debug|Any CPU
		{4B3ABE7A-0CE5-4D91-B76D-DA5E59F8C7DE}.Debug|Any CPU.Build.0 = Debug|Any CPU
		{4B3ABE7A-0CE5-4D91-B76D-DA5E59F8C7DE}.Debug|Mixed Platforms.ActiveCfg = Debug|Any CPU
		{4B3ABE7A-0CE5-4D91-B76D-DA5E59F8C7DE}.Debug|Mixed Platforms.Build.0 = Debug|Any CPU
		{4B3ABE7A-0CE5-4D91-B76D-DA5E59F8C7DE}.Debug|x86.ActiveCfg = Debug|Any CPU
		{4B3ABE7A-0CE5-4D91-B76D-DA5E59F8C7DE}.Debug|x86.Build.0 = Debug|Any CPU
		{4B3ABE7A-0CE5-4D91-B76D-DA5E59F8C7DE}.Release|Any CPU.ActiveCfg = Release|Any CPU
		{4B3ABE7A-0CE5-4D91-B76D-DA5E59F8C7DE}.Release|Any CPU.Build.0 = Release|Any CPU
		{4B3ABE7A-0CE5-4D91-B76D-DA5E59F8C7DE}.Release|Mixed Platforms.ActiveCfg = Release|Any CPU
		{4B3ABE7A-0CE5-4D91-B76D-DA5E59F8C7DE}.Release|Mixed Platforms.Build.0 = Release|Any CPU
		{4B3ABE7A-0CE5-4D91-B76D-DA5E59F8C7DE}.Release|x86.ActiveCfg = Release|Any CPU
		{4B3ABE7A-0CE5-4D91-B76D-DA5E59F8C7DE}.Release|x86.Build.0 = Release|Any CPU
		{4B3ABE7A-0CE5-4D91-B76D-DA5E59F8C7DE}.Release20|Any CPU.ActiveCfg = Release|Any CPU
		{4B3ABE7A-0CE5-4D91-B76D-DA5E59F8C7DE}.Release20|Any CPU.Build.0 = Release|Any CPU
		{4B3ABE7A-0CE5-4D91-B76D-DA5E59F8C7DE}.Release20|Mixed Platforms.ActiveCfg = Release|Any CPU
		{4B3ABE7A-0CE5-4D91-B76D-DA5E59F8C7DE}.Release20|Mixed Platforms.Build.0 = Release|Any CPU
		{4B3ABE7A-0CE5-4D91-B76D-DA5E59F8C7DE}.Release20|x86.ActiveCfg = Release|Any CPU
		{4B3ABE7A-0CE5-4D91-B76D-DA5E59F8C7DE}.Release20|x86.Build.0 = Release|Any CPU
		{14340B23-1ED5-4407-89DF-5A2896F18493}.Debug|Any CPU.ActiveCfg = Debug|Any CPU
		{14340B23-1ED5-4407-89DF-5A2896F18493}.Debug|Any CPU.Build.0 = Debug|Any CPU
		{14340B23-1ED5-4407-89DF-5A2896F18493}.Debug|Mixed Platforms.ActiveCfg = Debug|Any CPU
		{14340B23-1ED5-4407-89DF-5A2896F18493}.Debug|Mixed Platforms.Build.0 = Debug|Any CPU
		{14340B23-1ED5-4407-89DF-5A2896F18493}.Debug|x86.ActiveCfg = Debug|Any CPU
		{14340B23-1ED5-4407-89DF-5A2896F18493}.Debug|x86.Build.0 = Debug|Any CPU
		{14340B23-1ED5-4407-89DF-5A2896F18493}.Release|Any CPU.ActiveCfg = Release|Any CPU
		{14340B23-1ED5-4407-89DF-5A2896F18493}.Release|Any CPU.Build.0 = Release|Any CPU
		{14340B23-1ED5-4407-89DF-5A2896F18493}.Release|Mixed Platforms.ActiveCfg = Release|Any CPU
		{14340B23-1ED5-4407-89DF-5A2896F18493}.Release|Mixed Platforms.Build.0 = Release|Any CPU
		{14340B23-1ED5-4407-89DF-5A2896F18493}.Release|x86.ActiveCfg = Release|Any CPU
		{14340B23-1ED5-4407-89DF-5A2896F18493}.Release|x86.Build.0 = Release|Any CPU
		{14340B23-1ED5-4407-89DF-5A2896F18493}.Release20|Any CPU.ActiveCfg = Release|Any CPU
		{14340B23-1ED5-4407-89DF-5A2896F18493}.Release20|Any CPU.Build.0 = Release|Any CPU
		{14340B23-1ED5-4407-89DF-5A2896F18493}.Release20|Mixed Platforms.ActiveCfg = Release|Any CPU
		{14340B23-1ED5-4407-89DF-5A2896F18493}.Release20|Mixed Platforms.Build.0 = Release|Any CPU
		{14340B23-1ED5-4407-89DF-5A2896F18493}.Release20|x86.ActiveCfg = Release|Any CPU
		{14340B23-1ED5-4407-89DF-5A2896F18493}.Release20|x86.Build.0 = Release|Any CPU
		{20D947B0-A9E4-480B-A24C-5D8621D4A59B}.Debug|Any CPU.ActiveCfg = Debug|x86
		{20D947B0-A9E4-480B-A24C-5D8621D4A59B}.Debug|Mixed Platforms.ActiveCfg = Debug|x86
		{20D947B0-A9E4-480B-A24C-5D8621D4A59B}.Debug|Mixed Platforms.Build.0 = Debug|x86
		{20D947B0-A9E4-480B-A24C-5D8621D4A59B}.Debug|x86.ActiveCfg = Debug|x86
		{20D947B0-A9E4-480B-A24C-5D8621D4A59B}.Debug|x86.Build.0 = Debug|x86
		{20D947B0-A9E4-480B-A24C-5D8621D4A59B}.Release|Any CPU.ActiveCfg = Release|x86
		{20D947B0-A9E4-480B-A24C-5D8621D4A59B}.Release|Mixed Platforms.ActiveCfg = Release|x86
		{20D947B0-A9E4-480B-A24C-5D8621D4A59B}.Release|Mixed Platforms.Build.0 = Release|x86
		{20D947B0-A9E4-480B-A24C-5D8621D4A59B}.Release|x86.ActiveCfg = Release|x86
		{20D947B0-A9E4-480B-A24C-5D8621D4A59B}.Release|x86.Build.0 = Release|x86
		{20D947B0-A9E4-480B-A24C-5D8621D4A59B}.Release20|Any CPU.ActiveCfg = Release|x86
		{20D947B0-A9E4-480B-A24C-5D8621D4A59B}.Release20|Any CPU.Build.0 = Release|x86
		{20D947B0-A9E4-480B-A24C-5D8621D4A59B}.Release20|Mixed Platforms.ActiveCfg = Release|x86
		{20D947B0-A9E4-480B-A24C-5D8621D4A59B}.Release20|Mixed Platforms.Build.0 = Release|x86
		{20D947B0-A9E4-480B-A24C-5D8621D4A59B}.Release20|x86.ActiveCfg = Release|x86
		{20D947B0-A9E4-480B-A24C-5D8621D4A59B}.Release20|x86.Build.0 = Release|x86
	EndGlobalSection
	GlobalSection(SolutionProperties) = preSolution
		HideSolutionNode = FALSE
	EndGlobalSection
EndGlobal
